{
  "requires": true,
  "lockfileVersion": 1,
  "dependencies": {
    "react-native-voice": {
      "version": "0.2.6",
      "resolved": "https://registry.npmjs.org/react-native-voice/-/react-native-voice-0.2.6.tgz",
      "integrity": "sha512-WeNlNNtYDxwyym203yzjTDDCH9iLThi24W85p0oP/0DS9jZ6B6WsPYidWyKg6Qv1TrOq/gHz9vwQLZforM7u3w=="
    }
  }
}
